// !$*UTF8*$!
{
	archiveVersion = 1;
	classes = {
	};
	objectVersion = 46;
	objects = {

/* Begin PBXBuildFile section */
		F4DF1C541E9E957800CDFF53 /* AppDelegate.swift in Sources */ = {isa = PBXBuildFile; fileRef = F4DF1C531E9E957800CDFF53 /* AppDelegate.swift */; };
		F4DF1C561E9E957800CDFF53 /* MainVC.swift in Sources */ = {isa = PBXBuildFile; fileRef = F4DF1C551E9E957800CDFF53 /* MainVC.swift */; };
		F4DF1C591E9E957800CDFF53 /* Main.storyboard in Resources */ = {isa = PBXBuildFile; fileRef = F4DF1C571E9E957800CDFF53 /* Main.storyboard */; };
		F4DF1C5B1E9E957800CDFF53 /* Assets.xcassets in Resources */ = {isa = PBXBuildFile; fileRef = F4DF1C5A1E9E957800CDFF53 /* Assets.xcassets */; };
		F4DF1C5E1E9E957800CDFF53 /* LaunchScreen.storyboard in Resources */ = {isa = PBXBuildFile; fileRef = F4DF1C5C1E9E957800CDFF53 /* LaunchScreen.storyboard */; };
		F4DF1C691E9E957800CDFF53 /* BigMirrorTests.swift in Sources */ = {isa = PBXBuildFile; fileRef = F4DF1C681E9E957800CDFF53 /* BigMirrorTests.swift */; };
		F4DF1C741E9E957800CDFF53 /* BigMirrorUITests.swift in Sources */ = {isa = PBXBuildFile; fileRef = F4DF1C731E9E957800CDFF53 /* BigMirrorUITests.swift */; };
		F4DF1C851E9E9B4900CDFF53 /* DetailedVC.swift in Sources */ = {isa = PBXBuildFile; fileRef = F4DF1C841E9E9B4900CDFF53 /* DetailedVC.swift */; };
		F4DF1C871E9EA12D00CDFF53 /* MaterialView.swift in Sources */ = {isa = PBXBuildFile; fileRef = F4DF1C861E9EA12D00CDFF53 /* MaterialView.swift */; };
		F4DF1C891E9EA18900CDFF53 /* ItemCell.swift in Sources */ = {isa = PBXBuildFile; fileRef = F4DF1C881E9EA18900CDFF53 /* ItemCell.swift */; };
		F4DF1C8B1E9EA25300CDFF53 /* User.swift in Sources */ = {isa = PBXBuildFile; fileRef = F4DF1C8A1E9EA25300CDFF53 /* User.swift */; };
/* End PBXBuildFile section */

/* Begin PBXContainerItemProxy section */
		F4DF1C651E9E957800CDFF53 /* PBXContainerItemProxy */ = {
			isa = PBXContainerItemProxy;
			containerPortal = F4DF1C481E9E957800CDFF53 /* Project object */;
			proxyType = 1;
			remoteGlobalIDString = F4DF1C4F1E9E957800CDFF53;
			remoteInfo = BigMirror;
		};
		F4DF1C701E9E957800CDFF53 /* PBXContainerItemProxy */ = {
			isa = PBXContainerItemProxy;
			containerPortal = F4DF1C481E9E957800CDFF53 /* Project object */;
			proxyType = 1;
			remoteGlobalIDString = F4DF1C4F1E9E957800CDFF53;
			remoteInfo = BigMirror;
		};
/* End PBXContainerItemProxy section */

/* Begin PBXFileReference section */
		F4DF1C501E9E957800CDFF53 /* BigMirror.app */ = {isa = PBXFileReference; explicitFileType = wrapper.application; includeInIndex = 0; path = BigMirror.app; sourceTree = BUILT_PRODUCTS_DIR; };
		F4DF1C531E9E957800CDFF53 /* AppDelegate.swift */ = {isa = PBXFileReference; lastKnownFileType = sourcecode.swift; path = AppDelegate.swift; sourceTree = "<group>"; };
		F4DF1C551E9E957800CDFF53 /* MainVC.swift */ = {isa = PBXFileReference; lastKnownFileType = sourcecode.swift; path = MainVC.swift; sourceTree = "<group>"; };
		F4DF1C581E9E957800CDFF53 /* Base */ = {isa = PBXFileReference; lastKnownFileType = file.storyboard; name = Base; path = Base.lproj/Main.storyboard; sourceTree = "<group>"; };
		F4DF1C5A1E9E957800CDFF53 /* Assets.xcassets */ = {isa = PBXFileReference; lastKnownFileType = folder.assetcatalog; path = Assets.xcassets; sourceTree = "<group>"; };
		F4DF1C5D1E9E957800CDFF53 /* Base */ = {isa = PBXFileReference; lastKnownFileType = file.storyboard; name = Base; path = Base.lproj/LaunchScreen.storyboard; sourceTree = "<group>"; };
		F4DF1C5F1E9E957800CDFF53 /* Info.plist */ = {isa = PBXFileReference; lastKnownFileType = text.plist.xml; path = Info.plist; sourceTree = "<group>"; };
		F4DF1C641E9E957800CDFF53 /* BigMirrorTests.xctest */ = {isa = PBXFileReference; explicitFileType = wrapper.cfbundle; includeInIndex = 0; path = BigMirrorTests.xctest; sourceTree = BUILT_PRODUCTS_DIR; };
		F4DF1C681E9E957800CDFF53 /* BigMirrorTests.swift */ = {isa = PBXFileReference; lastKnownFileType = sourcecode.swift; path = BigMirrorTests.swift; sourceTree = "<group>"; };
		F4DF1C6A1E9E957800CDFF53 /* Info.plist */ = {isa = PBXFileReference; lastKnownFileType = text.plist.xml; path = Info.plist; sourceTree = "<group>"; };
		F4DF1C6F1E9E957800CDFF53 /* BigMirrorUITests.xctest */ = {isa = PBXFileReference; explicitFileType = wrapper.cfbundle; includeInIndex = 0; path = BigMirrorUITests.xctest; sourceTree = BUILT_PRODUCTS_DIR; };
		F4DF1C731E9E957800CDFF53 /* BigMirrorUITests.swift */ = {isa = PBXFileReference; lastKnownFileType = sourcecode.swift; path = BigMirrorUITests.swift; sourceTree = "<group>"; };
		F4DF1C751E9E957800CDFF53 /* Info.plist */ = {isa = PBXFileReference; lastKnownFileType = text.plist.xml; path = Info.plist; sourceTree = "<group>"; };
		F4DF1C841E9E9B4900CDFF53 /* DetailedVC.swift */ = {isa = PBXFileReference; fileEncoding = 4; lastKnownFileType = sourcecode.swift; path = DetailedVC.swift; sourceTree = "<group>"; };
		F4DF1C861E9EA12D00CDFF53 /* MaterialView.swift */ = {isa = PBXFileReference; fileEncoding = 4; lastKnownFileType = sourcecode.swift; path = MaterialView.swift; sourceTree = "<group>"; };
		F4DF1C881E9EA18900CDFF53 /* ItemCell.swift */ = {isa = PBXFileReference; fileEncoding = 4; lastKnownFileType = sourcecode.swift; path = ItemCell.swift; sourceTree = "<group>"; };
		F4DF1C8A1E9EA25300CDFF53 /* User.swift */ = {isa = PBXFileReference; fileEncoding = 4; lastKnownFileType = sourcecode.swift; path = User.swift; sourceTree = "<group>"; };
/* End PBXFileReference section */

/* Begin PBXFrameworksBuildPhase section */
		F4DF1C4D1E9E957800CDFF53 /* Frameworks */ = {
			isa = PBXFrameworksBuildPhase;
			buildActionMask = 2147483647;
			files = (
			);
			runOnlyForDeploymentPostprocessing = 0;
		};
		F4DF1C611E9E957800CDFF53 /* Frameworks */ = {
			isa = PBXFrameworksBuildPhase;
			buildActionMask = 2147483647;
			files = (
			);
			runOnlyForDeploymentPostprocessing = 0;
		};
		F4DF1C6C1E9E957800CDFF53 /* Frameworks */ = {
			isa = PBXFrameworksBuildPhase;
			buildActionMask = 2147483647;
			files = (
			);
			runOnlyForDeploymentPostprocessing = 0;
		};
/* End PBXFrameworksBuildPhase section */

/* Begin PBXGroup section */
		F4DF1C471E9E957800CDFF53 = {
			isa = PBXGroup;
			children = (
				F4DF1C521E9E957800CDFF53 /* BigMirror */,
				F4DF1C671E9E957800CDFF53 /* BigMirrorTests */,
				F4DF1C721E9E957800CDFF53 /* BigMirrorUITests */,
				F4DF1C511E9E957800CDFF53 /* Products */,
			);
			sourceTree = "<group>";
		};
		F4DF1C511E9E957800CDFF53 /* Products */ = {
			isa = PBXGroup;
			children = (
				F4DF1C501E9E957800CDFF53 /* BigMirror.app */,
				F4DF1C641E9E957800CDFF53 /* BigMirrorTests.xctest */,
				F4DF1C6F1E9E957800CDFF53 /* BigMirrorUITests.xctest */,
			);
			name = Products;
			sourceTree = "<group>";
		};
		F4DF1C521E9E957800CDFF53 /* BigMirror */ = {
			isa = PBXGroup;
			children = (
				F4DF1C831E9E959200CDFF53 /* Controller */,
				F4DF1C821E9E958C00CDFF53 /* View */,
				F4DF1C811E9E958700CDFF53 /* Model */,
				F4DF1C531E9E957800CDFF53 /* AppDelegate.swift */,
				F4DF1C571E9E957800CDFF53 /* Main.storyboard */,
				F4DF1C5A1E9E957800CDFF53 /* Assets.xcassets */,
				F4DF1C5C1E9E957800CDFF53 /* LaunchScreen.storyboard */,
				F4DF1C5F1E9E957800CDFF53 /* Info.plist */,
			);
			path = BigMirror;
			sourceTree = "<group>";
		};
		F4DF1C671E9E957800CDFF53 /* BigMirrorTests */ = {
			isa = PBXGroup;
			children = (
				F4DF1C681E9E957800CDFF53 /* BigMirrorTests.swift */,
				F4DF1C6A1E9E957800CDFF53 /* Info.plist */,
			);
			path = BigMirrorTests;
			sourceTree = "<group>";
		};
		F4DF1C721E9E957800CDFF53 /* BigMirrorUITests */ = {
			isa = PBXGroup;
			children = (
				F4DF1C731E9E957800CDFF53 /* BigMirrorUITests.swift */,
				F4DF1C751E9E957800CDFF53 /* Info.plist */,
			);
			path = BigMirrorUITests;
			sourceTree = "<group>";
		};
		F4DF1C811E9E958700CDFF53 /* Model */ = {
			isa = PBXGroup;
			children = (
				F4DF1C8A1E9EA25300CDFF53 /* User.swift */,
			);
			name = Model;
			sourceTree = "<group>";
		};
		F4DF1C821E9E958C00CDFF53 /* View */ = {
			isa = PBXGroup;
			children = (
				F4DF1C861E9EA12D00CDFF53 /* MaterialView.swift */,
				F4DF1C881E9EA18900CDFF53 /* ItemCell.swift */,
			);
			name = View;
			sourceTree = "<group>";
		};
		F4DF1C831E9E959200CDFF53 /* Controller */ = {
			isa = PBXGroup;
			children = (
				F4DF1C551E9E957800CDFF53 /* MainVC.swift */,
				F4DF1C841E9E9B4900CDFF53 /* DetailedVC.swift */,
			);
			name = Controller;
			sourceTree = "<group>";
		};
/* End PBXGroup section */

/* Begin PBXNativeTarget section */
		F4DF1C4F1E9E957800CDFF53 /* BigMirror */ = {
			isa = PBXNativeTarget;
			buildConfigurationList = F4DF1C781E9E957800CDFF53 /* Build configuration list for PBXNativeTarget "BigMirror" */;
			buildPhases = (
				F4DF1C4C1E9E957800CDFF53 /* Sources */,
				F4DF1C4D1E9E957800CDFF53 /* Frameworks */,
				F4DF1C4E1E9E957800CDFF53 /* Resources */,
			);
			buildRules = (
			);
			dependencies = (
			);
			name = BigMirror;
			productName = BigMirror;
			productReference = F4DF1C501E9E957800CDFF53 /* BigMirror.app */;
			productType = "com.apple.product-type.application";
		};
		F4DF1C631E9E957800CDFF53 /* BigMirrorTests */ = {
			isa = PBXNativeTarget;
			buildConfigurationList = F4DF1C7B1E9E957800CDFF53 /* Build configuration list for PBXNativeTarget "BigMirrorTests" */;
			buildPhases = (
				F4DF1C601E9E957800CDFF53 /* Sources */,
				F4DF1C611E9E957800CDFF53 /* Frameworks */,
				F4DF1C621E9E957800CDFF53 /* Resources */,
			);
			buildRules = (
			);
			dependencies = (
				F4DF1C661E9E957800CDFF53 /* PBXTargetDependency */,
			);
			name = BigMirrorTests;
			productName = BigMirrorTests;
			productReference = F4DF1C641E9E957800CDFF53 /* BigMirrorTests.xctest */;
			productType = "com.apple.product-type.bundle.unit-test";
		};
		F4DF1C6E1E9E957800CDFF53 /* BigMirrorUITests */ = {
			isa = PBXNativeTarget;
			buildConfigurationList = F4DF1C7E1E9E957800CDFF53 /* Build configuration list for PBXNativeTarget "BigMirrorUITests" */;
			buildPhases = (
				F4DF1C6B1E9E957800CDFF53 /* Sources */,
				F4DF1C6C1E9E957800CDFF53 /* Frameworks */,
				F4DF1C6D1E9E957800CDFF53 /* Resources */,
			);
			buildRules = (
			);
			dependencies = (
				F4DF1C711E9E957800CDFF53 /* PBXTargetDependency */,
			);
			name = BigMirrorUITests;
			productName = BigMirrorUITests;
			productReference = F4DF1C6F1E9E957800CDFF53 /* BigMirrorUITests.xctest */;
			productType = "com.apple.product-type.bundle.ui-testing";
		};
/* End PBXNativeTarget section */

/* Begin PBXProject section */
		F4DF1C481E9E957800CDFF53 /* Project object */ = {
			isa = PBXProject;
			attributes = {
				LastSwiftUpdateCheck = 0820;
				LastUpgradeCheck = 0820;
				ORGANIZATIONNAME = "Bryan Fein";
				TargetAttributes = {
					F4DF1C4F1E9E957800CDFF53 = {
						CreatedOnToolsVersion = 8.2.1;
						DevelopmentTeam = XYRU9GS26N;
						ProvisioningStyle = Automatic;
					};
					F4DF1C631E9E957800CDFF53 = {
						CreatedOnToolsVersion = 8.2.1;
						ProvisioningStyle = Automatic;
						TestTargetID = F4DF1C4F1E9E957800CDFF53;
					};
					F4DF1C6E1E9E957800CDFF53 = {
						CreatedOnToolsVersion = 8.2.1;
						ProvisioningStyle = Automatic;
						TestTargetID = F4DF1C4F1E9E957800CDFF53;
					};
				};
			};
			buildConfigurationList = F4DF1C4B1E9E957800CDFF53 /* Build configuration list for PBXProject "BigMirror" */;
			compatibilityVersion = "Xcode 3.2";
			developmentRegion = English;
			hasScannedForEncodings = 0;
			knownRegions = (
				en,
				Base,
			);
			mainGroup = F4DF1C471E9E957800CDFF53;
			productRefGroup = F4DF1C511E9E957800CDFF53 /* Products */;
			projectDirPath = "";
			projectRoot = "";
			targets = (
				F4DF1C4F1E9E957800CDFF53 /* BigMirror */,
				F4DF1C631E9E957800CDFF53 /* BigMirrorTests */,
				F4DF1C6E1E9E957800CDFF53 /* BigMirrorUITests */,
			);
		};
/* End PBXProject section */

/* Begin PBXResourcesBuildPhase section */
		F4DF1C4E1E9E957800CDFF53 /* Resources */ = {
			isa = PBXResourcesBuildPhase;
			buildActionMask = 2147483647;
			files = (
				F4DF1C5E1E9E957800CDFF53 /* LaunchScreen.storyboard in Resources */,
				F4DF1C5B1E9E957800CDFF53 /* Assets.xcassets in Resources */,
				F4DF1C591E9E957800CDFF53 /* Main.storyboard in Resources */,
			);
			runOnlyForDeploymentPostprocessing = 0;
		};
		F4DF1C621E9E957800CDFF53 /* Resources */ = {
			isa = PBXResourcesBuildPhase;
			buildActionMask = 2147483647;
			files = (
			);
			runOnlyForDeploymentPostprocessing = 0;
		};
		F4DF1C6D1E9E957800CDFF53 /* Resources */ = {
			isa = PBXResourcesBuildPhase;
			buildActionMask = 2147483647;
			files = (
			);
			runOnlyForDeploymentPostprocessing = 0;
		};
/* End PBXResourcesBuildPhase section */

/* Begin PBXSourcesBuildPhase section */
		F4DF1C4C1E9E957800CDFF53 /* Sources */ = {
			isa = PBXSourcesBuildPhase;
			buildActionMask = 2147483647;
			files = (
				F4DF1C561E9E957800CDFF53 /* MainVC.swift in Sources */,
				F4DF1C541E9E957800CDFF53 /* AppDelegate.swift in Sources */,
				F4DF1C8B1E9EA25300CDFF53 /* User.swift in Sources */,
				F4DF1C851E9E9B4900CDFF53 /* DetailedVC.swift in Sources */,
				F4DF1C871E9EA12D00CDFF53 /* MaterialView.swift in Sources */,
				F4DF1C891E9EA18900CDFF53 /* ItemCell.swift in Sources */,
			);
			runOnlyForDeploymentPostprocessing = 0;
		};
		F4DF1C601E9E957800CDFF53 /* Sources */ = {
			isa = PBXSourcesBuildPhase;
			buildActionMask = 2147483647;
			files = (
				F4DF1C691E9E957800CDFF53 /* BigMirrorTests.swift in Sources */,
			);
			runOnlyForDeploymentPostprocessing = 0;
		};
		F4DF1C6B1E9E957800CDFF53 /* Sources */ = {
			isa = PBXSourcesBuildPhase;
			buildActionMask = 2147483647;
			files = (
				F4DF1C741E9E957800CDFF53 /* BigMirrorUITests.swift in Sources */,
			);
			runOnlyForDeploymentPostprocessing = 0;
		};
/* End PBXSourcesBuildPhase section */

/* Begin PBXTargetDependency section */
		F4DF1C661E9E957800CDFF53 /* PBXTargetDependency */ = {
			isa = PBXTargetDependency;
			target = F4DF1C4F1E9E957800CDFF53 /* BigMirror */;
			targetProxy = F4DF1C651E9E957800CDFF53 /* PBXContainerItemProxy */;
		};
		F4DF1C711E9E957800CDFF53 /* PBXTargetDependency */ = {
			isa = PBXTargetDependency;
			target = F4DF1C4F1E9E957800CDFF53 /* BigMirror */;
			targetProxy = F4DF1C701E9E957800CDFF53 /* PBXContainerItemProxy */;
		};
/* End PBXTargetDependency section */

/* Begin PBXVariantGroup section */
		F4DF1C571E9E957800CDFF53 /* Main.storyboard */ = {
			isa = PBXVariantGroup;
			children = (
				F4DF1C581E9E957800CDFF53 /* Base */,
			);
			name = Main.storyboard;
			sourceTree = "<group>";
		};
		F4DF1C5C1E9E957800CDFF53 /* LaunchScreen.storyboard */ = {
			isa = PBXVariantGroup;
			children = (
				F4DF1C5D1E9E957800CDFF53 /* Base */,
			);
			name = LaunchScreen.storyboard;
			sourceTree = "<group>";
		};
/* End PBXVariantGroup section */

/* Begin XCBuildConfiguration section */
		F4DF1C761E9E957800CDFF53 /* Debug */ = {
			isa = XCBuildConfiguration;
			buildSettings = {
				ALWAYS_SEARCH_USER_PATHS = NO;
				CLANG_ANALYZER_NONNULL = YES;
				CLANG_CXX_LANGUAGE_STANDARD = "gnu++0x";
				CLANG_CXX_LIBRARY = "libc++";
				CLANG_ENABLE_MODULES = YES;
				CLANG_ENABLE_OBJC_ARC = YES;
				CLANG_WARN_BOOL_CONVERSION = YES;
				CLANG_WARN_CONSTANT_CONVERSION = YES;
				CLANG_WARN_DIRECT_OBJC_ISA_USAGE = YES_ERROR;
				CLANG_WARN_DOCUMENTATION_COMMENTS = YES;
				CLANG_WARN_EMPTY_BODY = YES;
				CLANG_WARN_ENUM_CONVERSION = YES;
				CLANG_WARN_INFINITE_RECURSION = YES;
				CLANG_WARN_INT_CONVERSION = YES;
				CLANG_WARN_OBJC_ROOT_CLASS = YES_ERROR;
				CLANG_WARN_SUSPICIOUS_MOVE = YES;
				CLANG_WARN_UNREACHABLE_CODE = YES;
				CLANG_WARN__DUPLICATE_METHOD_MATCH = YES;
				"CODE_SIGN_IDENTITY[sdk=iphoneos*]" = "iPhone Developer";
				COPY_PHASE_STRIP = NO;
				DEBUG_INFORMATION_FORMAT = dwarf;
				ENABLE_STRICT_OBJC_MSGSEND = YES;
				ENABLE_TESTABILITY = YES;
				GCC_C_LANGUAGE_STANDARD = gnu99;
				GCC_DYNAMIC_NO_PIC = NO;
				GCC_NO_COMMON_BLOCKS = YES;
				GCC_OPTIMIZATION_LEVEL = 0;
				GCC_PREPROCESSOR_DEFINITIONS = (
					"DEBUG=1",
					"$(inherited)",
				);
				GCC_WARN_64_TO_32_BIT_CONVERSION = YES;
				GCC_WARN_ABOUT_RETURN_TYPE = YES_ERROR;
				GCC_WARN_UNDECLARED_SELECTOR = YES;
				GCC_WARN_UNINITIALIZED_AUTOS = YES_AGGRESSIVE;
				GCC_WARN_UNUSED_FUNCTION = YES;
				GCC_WARN_UNUSED_VARIABLE = YES;
				IPHONEOS_DEPLOYMENT_TARGET = 10.2;
				MTL_ENABLE_DEBUG_INFO = YES;
				ONLY_ACTIVE_ARCH = YES;
				SDKROOT = iphoneos;
				SWIFT_ACTIVE_COMPILATION_CONDITIONS = DEBUG;
				SWIFT_OPTIMIZATION_LEVEL = "-Onone";
				TARGETED_DEVICE_FAMILY = "1,2";
			};
			name = Debug;
		};
		F4DF1C771E9E957800CDFF53 /* Release */ = {
			isa = XCBuildConfiguration;
			buildSettings = {
				ALWAYS_SEARCH_USER_PATHS = NO;
				CLANG_ANALYZER_NONNULL = YES;
				CLANG_CXX_LANGUAGE_STANDARD = "gnu++0x";
				CLANG_CXX_LIBRARY = "libc++";
				CLANG_ENABLE_MODULES = YES;
				CLANG_ENABLE_OBJC_ARC = YES;
				CLANG_WARN_BOOL_CONVERSION = YES;
				CLANG_WARN_CONSTANT_CONVERSION = YES;
				CLANG_WARN_DIRECT_OBJC_ISA_USAGE = YES_ERROR;
				CLANG_WARN_DOCUMENTATION_COMMENTS = YES;
				CLANG_WARN_EMPTY_BODY = YES;
				CLANG_WARN_ENUM_CONVERSION = YES;
				CLANG_WARN_INFINITE_RECURSION = YES;
				CLANG_WARN_INT_CONVERSION = YES;
				CLANG_WARN_OBJC_ROOT_CLASS = YES_ERROR;
				CLANG_WARN_SUSPICIOUS_MOVE = YES;
				CLANG_WARN_UNREACHABLE_CODE = YES;
				CLANG_WARN__DUPLICATE_METHOD_MATCH = YES;
				"CODE_SIGN_IDENTITY[sdk=iphoneos*]" = "iPhone Developer";
				COPY_PHASE_STRIP = NO;
				DEBUG_INFORMATION_FORMAT = "dwarf-with-dsym";
				ENABLE_NS_ASSERTIONS = NO;
				ENABLE_STRICT_OBJC_MSGSEND = YES;
				GCC_C_LANGUAGE_STANDARD = gnu99;
				GCC_NO_COMMON_BLOCKS = YES;
				GCC_WARN_64_TO_32_BIT_CONVERSION = YES;
				GCC_WARN_ABOUT_RETURN_TYPE = YES_ERROR;
				GCC_WARN_UNDECLARED_SELECTOR = YES;
				GCC_WARN_UNINITIALIZED_AUTOS = YES_AGGRESSIVE;
				GCC_WARN_UNUSED_FUNCTION = YES;
				GCC_WARN_UNUSED_VARIABLE = YES;
				IPHONEOS_DEPLOYMENT_TARGET = 10.2;
				MTL_ENABLE_DEBUG_INFO = NO;
				SDKROOT = iphoneos;
				SWIFT_OPTIMIZATION_LEVEL = "-Owholemodule";
				TARGETED_DEVICE_FAMILY = "1,2";
				VALIDATE_PRODUCT = YES;
			};
			name = Release;
		};
		F4DF1C791E9E957800CDFF53 /* Debug */ = {
			isa = XCBuildConfiguration;
			buildSettings = {
				ASSETCATALOG_COMPILER_APPICON_NAME = AppIcon;
				DEVELOPMENT_TEAM = XYRU9GS26N;
				INFOPLIST_FILE = BigMirror/Info.plist;
				LD_RUNPATH_SEARCH_PATHS = "$(inherited) @executable_path/Frameworks";
				PRODUCT_BUNDLE_IDENTIFIER = "Bryan-Fein.BigMirror";
				PRODUCT_NAME = "$(TARGET_NAME)";
				SWIFT_VERSION = 3.0;
			};
			name = Debug;
		};
		F4DF1C7A1E9E957800CDFF53 /* Release */ = {
			isa = XCBuildConfiguration;
			buildSettings = {
				ASSETCATALOG_COMPILER_APPICON_NAME = AppIcon;
				DEVELOPMENT_TEAM = XYRU9GS26N;
				INFOPLIST_FILE = BigMirror/Info.plist;
				LD_RUNPATH_SEARCH_PATHS = "$(inherited) @executable_path/Frameworks";
				PRODUCT_BUNDLE_IDENTIFIER = "Bryan-Fein.BigMirror";
				PRODUCT_NAME = "$(TARGET_NAME)";
				SWIFT_VERSION = 3.0;
			};
			name = Release;
		};
		F4DF1C7C1E9E957800CDFF53 /* Debug */ = {
			isa = XCBuildConfiguration;
			buildSettings = {
				ALWAYS_EMBED_SWIFT_STANDARD_LIBRARIES = YES;
				BUNDLE_LOADER = "$(TEST_HOST)";
				INFOPLIST_FILE = BigMirrorTests/Info.plist;
				LD_RUNPATH_SEARCH_PATHS = "$(inherited) @executable_path/Frameworks @loader_path/Frameworks";
				PRODUCT_BUNDLE_IDENTIFIER = "Bryan-Fein.BigMirrorTests";
				PRODUCT_NAME = "$(TARGET_NAME)";
				SWIFT_VERSION = 3.0;
				TEST_HOST = "$(BUILT_PRODUCTS_DIR)/BigMirror.app/BigMirror";
			};
			name = Debug;
		};
		F4DF1C7D1E9E957800CDFF53 /* Release */ = {
			isa = XCBuildConfiguration;
			buildSettings = {
				ALWAYS_EMBED_SWIFT_STANDARD_LIBRARIES = YES;
				BUNDLE_LOADER = "$(TEST_HOST)";
				INFOPLIST_FILE = BigMirrorTests/Info.plist;
				LD_RUNPATH_SEARCH_PATHS = "$(inherited) @executable_path/Frameworks @loader_path/Frameworks";
				PRODUCT_BUNDLE_IDENTIFIER = "Bryan-Fein.BigMirrorTests";
				PRODUCT_NAME = "$(TARGET_NAME)";
				SWIFT_VERSION = 3.0;
				TEST_HOST = "$(BUILT_PRODUCTS_DIR)/BigMirror.app/BigMirror";
			};
			name = Release;
		};
		F4DF1C7F1E9E957800CDFF53 /* Debug */ = {
			isa = XCBuildConfiguration;
			buildSettings = {
				ALWAYS_EMBED_SWIFT_STANDARD_LIBRARIES = YES;
				INFOPLIST_FILE = BigMirrorUITests/Info.plist;
				LD_RUNPATH_SEARCH_PATHS = "$(inherited) @executable_path/Frameworks @loader_path/Frameworks";
				PRODUCT_BUNDLE_IDENTIFIER = "Bryan-Fein.BigMirrorUITests";
				PRODUCT_NAME = "$(TARGET_NAME)";
				SWIFT_VERSION = 3.0;
				TEST_TARGET_NAME = BigMirror;
			};
			name = Debug;
		};
		F4DF1C801E9E957800CDFF53 /* Release */ = {
			isa = XCBuildConfiguration;
			buildSettings = {
				ALWAYS_EMBED_SWIFT_STANDARD_LIBRARIES = YES;
				INFOPLIST_FILE = BigMirrorUITests/Info.plist;
				LD_RUNPATH_SEARCH_PATHS = "$(inherited) @executable_path/Frameworks @loader_path/Frameworks";
				PRODUCT_BUNDLE_IDENTIFIER = "Bryan-Fein.BigMirrorUITests";
				PRODUCT_NAME = "$(TARGET_NAME)";
				SWIFT_VERSION = 3.0;
				TEST_TARGET_NAME = BigMirror;
			};
			name = Release;
		};
/* End XCBuildConfiguration section */

/* Begin XCConfigurationList section */
		F4DF1C4B1E9E957800CDFF53 /* Build configuration list for PBXProject "BigMirror" */ = {
			isa = XCConfigurationList;
			buildConfigurations = (
				F4DF1C761E9E957800CDFF53 /* Debug */,
				F4DF1C771E9E957800CDFF53 /* Release */,
			);
			defaultConfigurationIsVisible = 0;
			defaultConfigurationName = Release;
		};
		F4DF1C781E9E957800CDFF53 /* Build configuration list for PBXNativeTarget "BigMirror" */ = {
			isa = XCConfigurationList;
			buildConfigurations = (
				F4DF1C791E9E957800CDFF53 /* Debug */,
				F4DF1C7A1E9E957800CDFF53 /* Release */,
			);
			defaultConfigurationIsVisible = 0;
		};
		F4DF1C7B1E9E957800CDFF53 /* Build configuration list for PBXNativeTarget "BigMirrorTests" */ = {
			isa = XCConfigurationList;
			buildConfigurations = (
				F4DF1C7C1E9E957800CDFF53 /* Debug */,
				F4DF1C7D1E9E957800CDFF53 /* Release */,
			);
			defaultConfigurationIsVisible = 0;
		};
		F4DF1C7E1E9E957800CDFF53 /* Build configuration list for PBXNativeTarget "BigMirrorUITests" */ = {
			isa = XCConfigurationList;
			buildConfigurations = (
				F4DF1C7F1E9E957800CDFF53 /* Debug */,
				F4DF1C801E9E957800CDFF53 /* Release */,
			);
			defaultConfigurationIsVisible = 0;
		};
/* End XCConfigurationList section */
	};
	rootObject = F4DF1C481E9E957800CDFF53 /* Project object */;
}
